// !$*UTF8*$!
{
	archiveVersion = 1;
	classes = {
	};
	objectVersion = 56;
	objects = {

/* Begin PBXBuildFile section */
		BF3076542C7A09F600D87658 /* LazyVGridBootcamp.swift in Sources */ = {isa = PBXBuildFile; fileRef = BF3076532C7A09F600D87658 /* LazyVGridBootcamp.swift */; };
		BF3076562C7A203800D87658 /* SafeAreaBootcamp.swift in Sources */ = {isa = PBXBuildFile; fileRef = BF3076552C7A203800D87658 /* SafeAreaBootcamp.swift */; };
		BF3076582C7A2E8800D87658 /* ButtonBootcamp.swift in Sources */ = {isa = PBXBuildFile; fileRef = BF3076572C7A2E8800D87658 /* ButtonBootcamp.swift */; };
		BF30765A2C7AAB7C00D87658 /* StateBootcamp.swift in Sources */ = {isa = PBXBuildFile; fileRef = BF3076592C7AAB7C00D87658 /* StateBootcamp.swift */; };
		BF30765C2C7AB0A600D87658 /* ExtractFunctionsBootcamp.swift in Sources */ = {isa = PBXBuildFile; fileRef = BF30765B2C7AB0A600D87658 /* ExtractFunctionsBootcamp.swift */; };
		BF3076602C7CD84300D87658 /* ExtractSubviewsBootcamp.swift in Sources */ = {isa = PBXBuildFile; fileRef = BF30765F2C7CD84300D87658 /* ExtractSubviewsBootcamp.swift */; };
		BF3076622C7CDD5300D87658 /* BindingBootcamp.swift in Sources */ = {isa = PBXBuildFile; fileRef = BF3076612C7CDD5300D87658 /* BindingBootcamp.swift */; };
		BF3076642C7CE26300D87658 /* ConditionalBootcamp.swift in Sources */ = {isa = PBXBuildFile; fileRef = BF3076632C7CE26300D87658 /* ConditionalBootcamp.swift */; };
		BF3076662C7E228D00D87658 /* TernaryBootcamp.swift in Sources */ = {isa = PBXBuildFile; fileRef = BF3076652C7E228D00D87658 /* TernaryBootcamp.swift */; };
		BF3076682C7E25F700D87658 /* AnimationBootcamp.swift in Sources */ = {isa = PBXBuildFile; fileRef = BF3076672C7E25F700D87658 /* AnimationBootcamp.swift */; };
		BF30766A2C7E323A00D87658 /* AnimationCurvesBootcamp.swift in Sources */ = {isa = PBXBuildFile; fileRef = BF3076692C7E323A00D87658 /* AnimationCurvesBootcamp.swift */; };
		BF30766C2C809AAF00D87658 /* TransitionBootcamp.swift in Sources */ = {isa = PBXBuildFile; fileRef = BF30766B2C809AAF00D87658 /* TransitionBootcamp.swift */; };
		BF30766E2C809F2400D87658 /* SheetBootcamp.swift in Sources */ = {isa = PBXBuildFile; fileRef = BF30766D2C809F2300D87658 /* SheetBootcamp.swift */; };
		BF3076702C80AA6C00D87658 /* PopoverBootcamp.swift in Sources */ = {isa = PBXBuildFile; fileRef = BF30766F2C80AA6C00D87658 /* PopoverBootcamp.swift */; };
		BF3076722C81ED7F00D87658 /* NavigationViewBootcamp.swift in Sources */ = {isa = PBXBuildFile; fileRef = BF3076712C81ED7F00D87658 /* NavigationViewBootcamp.swift */; };
		BF3076742C81F59600D87658 /* ListBootcamp.swift in Sources */ = {isa = PBXBuildFile; fileRef = BF3076732C81F59600D87658 /* ListBootcamp.swift */; };
		BF3076762C821AD500D87658 /* AlertBootcamp.swift in Sources */ = {isa = PBXBuildFile; fileRef = BF3076752C821AD500D87658 /* AlertBootcamp.swift */; };
		BF3076782C8381D100D87658 /* ActionSheetBootcamp.swift in Sources */ = {isa = PBXBuildFile; fileRef = BF3076772C8381D100D87658 /* ActionSheetBootcamp.swift */; };
		BF30767A2C848DEF00D87658 /* ContextMenuBootcamp.swift in Sources */ = {isa = PBXBuildFile; fileRef = BF3076792C848DEF00D87658 /* ContextMenuBootcamp.swift */; };
		BF65ED842C7543CB00AA70FD /* ColorsBootcamp.swift in Sources */ = {isa = PBXBuildFile; fileRef = BF65ED832C7543CB00AA70FD /* ColorsBootcamp.swift */; };
		BF81DA2B2C6FB60900F4AD59 /* SwiftUIBasicsBootcampApp.swift in Sources */ = {isa = PBXBuildFile; fileRef = BF81DA2A2C6FB60900F4AD59 /* SwiftUIBasicsBootcampApp.swift */; };
		BF81DA2D2C6FB60900F4AD59 /* ContentView.swift in Sources */ = {isa = PBXBuildFile; fileRef = BF81DA2C2C6FB60900F4AD59 /* ContentView.swift */; };
		BF81DA2F2C6FB60A00F4AD59 /* Assets.xcassets in Resources */ = {isa = PBXBuildFile; fileRef = BF81DA2E2C6FB60A00F4AD59 /* Assets.xcassets */; };
		BF81DA322C6FB60A00F4AD59 /* Preview Assets.xcassets in Resources */ = {isa = PBXBuildFile; fileRef = BF81DA312C6FB60A00F4AD59 /* Preview Assets.xcassets */; };
		BF81DA392C6FB62400F4AD59 /* TextBootcamp.swift in Sources */ = {isa = PBXBuildFile; fileRef = BF81DA382C6FB62400F4AD59 /* TextBootcamp.swift */; };
		BF81DA3B2C6FBFF100F4AD59 /* ShapesBootcamp.swift in Sources */ = {isa = PBXBuildFile; fileRef = BF81DA3A2C6FBFF100F4AD59 /* ShapesBootcamp.swift */; };
		BFA775AA2C755EFA00C063AF /* GradientsBootcamp.swift in Sources */ = {isa = PBXBuildFile; fileRef = BFA775A92C755EFA00C063AF /* GradientsBootcamp.swift */; };
		BFA775AC2C76088100C063AF /* IconsBootcamp.swift in Sources */ = {isa = PBXBuildFile; fileRef = BFA775AB2C76088100C063AF /* IconsBootcamp.swift */; };
		BFA775AE2C760BBA00C063AF /* ImagesBootcamp.swift in Sources */ = {isa = PBXBuildFile; fileRef = BFA775AD2C760BBA00C063AF /* ImagesBootcamp.swift */; };
		BFA775B02C761C8C00C063AF /* FrameBootcamp.swift in Sources */ = {isa = PBXBuildFile; fileRef = BFA775AF2C761C8C00C063AF /* FrameBootcamp.swift */; };
		BFA775B22C7620C300C063AF /* Background&OverlayBootcamp.swift in Sources */ = {isa = PBXBuildFile; fileRef = BFA775B12C7620C300C063AF /* Background&OverlayBootcamp.swift */; };
		BFA775B42C76A42200C063AF /* StacksBootcamp.swift in Sources */ = {isa = PBXBuildFile; fileRef = BFA775B32C76A42200C063AF /* StacksBootcamp.swift */; };
		BFA775B62C76A68F00C063AF /* PaddingBootcamp.swift in Sources */ = {isa = PBXBuildFile; fileRef = BFA775B52C76A68F00C063AF /* PaddingBootcamp.swift */; };
		BFA775B82C76ABFA00C063AF /* SpacerBootcamp.swift in Sources */ = {isa = PBXBuildFile; fileRef = BFA775B72C76ABFA00C063AF /* SpacerBootcamp.swift */; };
		BFA775BA2C76B71200C063AF /* InitBootcamp.swift in Sources */ = {isa = PBXBuildFile; fileRef = BFA775B92C76B71200C063AF /* InitBootcamp.swift */; };
		BFA775BC2C77515E00C063AF /* ForEachBootcamp.swift in Sources */ = {isa = PBXBuildFile; fileRef = BFA775BB2C77515E00C063AF /* ForEachBootcamp.swift */; };
		BFA775BE2C77620500C063AF /* ScrollViewBootcamp.swift in Sources */ = {isa = PBXBuildFile; fileRef = BFA775BD2C77620500C063AF /* ScrollViewBootcamp.swift */; };
/* End PBXBuildFile section */

/* Begin PBXFileReference section */
		BF3076532C7A09F600D87658 /* LazyVGridBootcamp.swift */ = {isa = PBXFileReference; lastKnownFileType = sourcecode.swift; path = LazyVGridBootcamp.swift; sourceTree = "<group>"; };
		BF3076552C7A203800D87658 /* SafeAreaBootcamp.swift */ = {isa = PBXFileReference; lastKnownFileType = sourcecode.swift; path = SafeAreaBootcamp.swift; sourceTree = "<group>"; };
		BF3076572C7A2E8800D87658 /* ButtonBootcamp.swift */ = {isa = PBXFileReference; lastKnownFileType = sourcecode.swift; path = ButtonBootcamp.swift; sourceTree = "<group>"; };
		BF3076592C7AAB7C00D87658 /* StateBootcamp.swift */ = {isa = PBXFileReference; lastKnownFileType = sourcecode.swift; path = StateBootcamp.swift; sourceTree = "<group>"; };
		BF30765B2C7AB0A600D87658 /* ExtractFunctionsBootcamp.swift */ = {isa = PBXFileReference; lastKnownFileType = sourcecode.swift; path = ExtractFunctionsBootcamp.swift; sourceTree = "<group>"; };
		BF30765F2C7CD84300D87658 /* ExtractSubviewsBootcamp.swift */ = {isa = PBXFileReference; lastKnownFileType = sourcecode.swift; path = ExtractSubviewsBootcamp.swift; sourceTree = "<group>"; };
		BF3076612C7CDD5300D87658 /* BindingBootcamp.swift */ = {isa = PBXFileReference; lastKnownFileType = sourcecode.swift; path = BindingBootcamp.swift; sourceTree = "<group>"; };
		BF3076632C7CE26300D87658 /* ConditionalBootcamp.swift */ = {isa = PBXFileReference; lastKnownFileType = sourcecode.swift; path = ConditionalBootcamp.swift; sourceTree = "<group>"; };
		BF3076652C7E228D00D87658 /* TernaryBootcamp.swift */ = {isa = PBXFileReference; lastKnownFileType = sourcecode.swift; path = TernaryBootcamp.swift; sourceTree = "<group>"; };
		BF3076672C7E25F700D87658 /* AnimationBootcamp.swift */ = {isa = PBXFileReference; lastKnownFileType = sourcecode.swift; path = AnimationBootcamp.swift; sourceTree = "<group>"; };
		BF3076692C7E323A00D87658 /* AnimationCurvesBootcamp.swift */ = {isa = PBXFileReference; lastKnownFileType = sourcecode.swift; path = AnimationCurvesBootcamp.swift; sourceTree = "<group>"; };
		BF30766B2C809AAF00D87658 /* TransitionBootcamp.swift */ = {isa = PBXFileReference; lastKnownFileType = sourcecode.swift; path = TransitionBootcamp.swift; sourceTree = "<group>"; };
		BF30766D2C809F2300D87658 /* SheetBootcamp.swift */ = {isa = PBXFileReference; lastKnownFileType = sourcecode.swift; path = SheetBootcamp.swift; sourceTree = "<group>"; };
		BF30766F2C80AA6C00D87658 /* PopoverBootcamp.swift */ = {isa = PBXFileReference; lastKnownFileType = sourcecode.swift; path = PopoverBootcamp.swift; sourceTree = "<group>"; };
		BF3076712C81ED7F00D87658 /* NavigationViewBootcamp.swift */ = {isa = PBXFileReference; lastKnownFileType = sourcecode.swift; path = NavigationViewBootcamp.swift; sourceTree = "<group>"; };
		BF3076732C81F59600D87658 /* ListBootcamp.swift */ = {isa = PBXFileReference; lastKnownFileType = sourcecode.swift; path = ListBootcamp.swift; sourceTree = "<group>"; };
		BF3076752C821AD500D87658 /* AlertBootcamp.swift */ = {isa = PBXFileReference; lastKnownFileType = sourcecode.swift; path = AlertBootcamp.swift; sourceTree = "<group>"; };
		BF3076772C8381D100D87658 /* ActionSheetBootcamp.swift */ = {isa = PBXFileReference; lastKnownFileType = sourcecode.swift; path = ActionSheetBootcamp.swift; sourceTree = "<group>"; };
		BF3076792C848DEF00D87658 /* ContextMenuBootcamp.swift */ = {isa = PBXFileReference; lastKnownFileType = sourcecode.swift; path = ContextMenuBootcamp.swift; sourceTree = "<group>"; };
		BF65ED832C7543CB00AA70FD /* ColorsBootcamp.swift */ = {isa = PBXFileReference; lastKnownFileType = sourcecode.swift; path = ColorsBootcamp.swift; sourceTree = "<group>"; };
		BF81DA272C6FB60900F4AD59 /* SwiftUIBasicsBootcamp.app */ = {isa = PBXFileReference; explicitFileType = wrapper.application; includeInIndex = 0; path = SwiftUIBasicsBootcamp.app; sourceTree = BUILT_PRODUCTS_DIR; };
		BF81DA2A2C6FB60900F4AD59 /* SwiftUIBasicsBootcampApp.swift */ = {isa = PBXFileReference; lastKnownFileType = sourcecode.swift; path = SwiftUIBasicsBootcampApp.swift; sourceTree = "<group>"; };
		BF81DA2C2C6FB60900F4AD59 /* ContentView.swift */ = {isa = PBXFileReference; lastKnownFileType = sourcecode.swift; path = ContentView.swift; sourceTree = "<group>"; };
		BF81DA2E2C6FB60A00F4AD59 /* Assets.xcassets */ = {isa = PBXFileReference; lastKnownFileType = folder.assetcatalog; path = Assets.xcassets; sourceTree = "<group>"; };
		BF81DA312C6FB60A00F4AD59 /* Preview Assets.xcassets */ = {isa = PBXFileReference; lastKnownFileType = folder.assetcatalog; path = "Preview Assets.xcassets"; sourceTree = "<group>"; };
		BF81DA382C6FB62400F4AD59 /* TextBootcamp.swift */ = {isa = PBXFileReference; lastKnownFileType = sourcecode.swift; path = TextBootcamp.swift; sourceTree = "<group>"; };
		BF81DA3A2C6FBFF100F4AD59 /* ShapesBootcamp.swift */ = {isa = PBXFileReference; lastKnownFileType = sourcecode.swift; path = ShapesBootcamp.swift; sourceTree = "<group>"; };
		BFA775A92C755EFA00C063AF /* GradientsBootcamp.swift */ = {isa = PBXFileReference; lastKnownFileType = sourcecode.swift; path = GradientsBootcamp.swift; sourceTree = "<group>"; };
		BFA775AB2C76088100C063AF /* IconsBootcamp.swift */ = {isa = PBXFileReference; lastKnownFileType = sourcecode.swift; path = IconsBootcamp.swift; sourceTree = "<group>"; };
		BFA775AD2C760BBA00C063AF /* ImagesBootcamp.swift */ = {isa = PBXFileReference; lastKnownFileType = sourcecode.swift; path = ImagesBootcamp.swift; sourceTree = "<group>"; };
		BFA775AF2C761C8C00C063AF /* FrameBootcamp.swift */ = {isa = PBXFileReference; lastKnownFileType = sourcecode.swift; path = FrameBootcamp.swift; sourceTree = "<group>"; };
		BFA775B12C7620C300C063AF /* Background&OverlayBootcamp.swift */ = {isa = PBXFileReference; lastKnownFileType = sourcecode.swift; path = "Background&OverlayBootcamp.swift"; sourceTree = "<group>"; };
		BFA775B32C76A42200C063AF /* StacksBootcamp.swift */ = {isa = PBXFileReference; lastKnownFileType = sourcecode.swift; path = StacksBootcamp.swift; sourceTree = "<group>"; };
		BFA775B52C76A68F00C063AF /* PaddingBootcamp.swift */ = {isa = PBXFileReference; lastKnownFileType = sourcecode.swift; path = PaddingBootcamp.swift; sourceTree = "<group>"; };
		BFA775B72C76ABFA00C063AF /* SpacerBootcamp.swift */ = {isa = PBXFileReference; lastKnownFileType = sourcecode.swift; path = SpacerBootcamp.swift; sourceTree = "<group>"; };
		BFA775B92C76B71200C063AF /* InitBootcamp.swift */ = {isa = PBXFileReference; lastKnownFileType = sourcecode.swift; path = InitBootcamp.swift; sourceTree = "<group>"; };
		BFA775BB2C77515E00C063AF /* ForEachBootcamp.swift */ = {isa = PBXFileReference; lastKnownFileType = sourcecode.swift; path = ForEachBootcamp.swift; sourceTree = "<group>"; };
		BFA775BD2C77620500C063AF /* ScrollViewBootcamp.swift */ = {isa = PBXFileReference; lastKnownFileType = sourcecode.swift; path = ScrollViewBootcamp.swift; sourceTree = "<group>"; };
/* End PBXFileReference section */

/* Begin PBXFrameworksBuildPhase section */
		BF81DA242C6FB60900F4AD59 /* Frameworks */ = {
			isa = PBXFrameworksBuildPhase;
			buildActionMask = 2147483647;
			files = (
			);
			runOnlyForDeploymentPostprocessing = 0;
		};
/* End PBXFrameworksBuildPhase section */

/* Begin PBXGroup section */
		BF81DA1E2C6FB60900F4AD59 = {
			isa = PBXGroup;
			children = (
				BF81DA292C6FB60900F4AD59 /* SwiftUIBasicsBootcamp */,
				BF81DA282C6FB60900F4AD59 /* Products */,
			);
			sourceTree = "<group>";
		};
		BF81DA282C6FB60900F4AD59 /* Products */ = {
			isa = PBXGroup;
			children = (
				BF81DA272C6FB60900F4AD59 /* SwiftUIBasicsBootcamp.app */,
			);
			name = Products;
			sourceTree = "<group>";
		};
		BF81DA292C6FB60900F4AD59 /* SwiftUIBasicsBootcamp */ = {
			isa = PBXGroup;
			children = (
				BF81DA2A2C6FB60900F4AD59 /* SwiftUIBasicsBootcampApp.swift */,
				BF81DA2C2C6FB60900F4AD59 /* ContentView.swift */,
				BF81DA382C6FB62400F4AD59 /* TextBootcamp.swift */,
				BF81DA3A2C6FBFF100F4AD59 /* ShapesBootcamp.swift */,
				BF65ED832C7543CB00AA70FD /* ColorsBootcamp.swift */,
				BFA775A92C755EFA00C063AF /* GradientsBootcamp.swift */,
				BFA775AB2C76088100C063AF /* IconsBootcamp.swift */,
				BFA775AD2C760BBA00C063AF /* ImagesBootcamp.swift */,
				BFA775AF2C761C8C00C063AF /* FrameBootcamp.swift */,
				BFA775B12C7620C300C063AF /* Background&OverlayBootcamp.swift */,
				BFA775B32C76A42200C063AF /* StacksBootcamp.swift */,
				BFA775B52C76A68F00C063AF /* PaddingBootcamp.swift */,
				BFA775B72C76ABFA00C063AF /* SpacerBootcamp.swift */,
				BFA775B92C76B71200C063AF /* InitBootcamp.swift */,
				BFA775BB2C77515E00C063AF /* ForEachBootcamp.swift */,
				BFA775BD2C77620500C063AF /* ScrollViewBootcamp.swift */,
				BF3076532C7A09F600D87658 /* LazyVGridBootcamp.swift */,
				BF3076552C7A203800D87658 /* SafeAreaBootcamp.swift */,
				BF3076572C7A2E8800D87658 /* ButtonBootcamp.swift */,
				BF3076592C7AAB7C00D87658 /* StateBootcamp.swift */,
				BF30765B2C7AB0A600D87658 /* ExtractFunctionsBootcamp.swift */,
				BF30765F2C7CD84300D87658 /* ExtractSubviewsBootcamp.swift */,
				BF3076612C7CDD5300D87658 /* BindingBootcamp.swift */,
				BF3076632C7CE26300D87658 /* ConditionalBootcamp.swift */,
				BF3076652C7E228D00D87658 /* TernaryBootcamp.swift */,
				BF3076672C7E25F700D87658 /* AnimationBootcamp.swift */,
				BF3076692C7E323A00D87658 /* AnimationCurvesBootcamp.swift */,
				BF30766B2C809AAF00D87658 /* TransitionBootcamp.swift */,
				BF30766D2C809F2300D87658 /* SheetBootcamp.swift */,
				BF30766F2C80AA6C00D87658 /* PopoverBootcamp.swift */,
				BF3076712C81ED7F00D87658 /* NavigationViewBootcamp.swift */,
				BF3076732C81F59600D87658 /* ListBootcamp.swift */,
				BF3076752C821AD500D87658 /* AlertBootcamp.swift */,
				BF3076772C8381D100D87658 /* ActionSheetBootcamp.swift */,
				BF3076792C848DEF00D87658 /* ContextMenuBootcamp.swift */,
				BF81DA2E2C6FB60A00F4AD59 /* Assets.xcassets */,
				BF81DA302C6FB60A00F4AD59 /* Preview Content */,
			);
			path = SwiftUIBasicsBootcamp;
			sourceTree = "<group>";
		};
		BF81DA302C6FB60A00F4AD59 /* Preview Content */ = {
			isa = PBXGroup;
			children = (
				BF81DA312C6FB60A00F4AD59 /* Preview Assets.xcassets */,
			);
			path = "Preview Content";
			sourceTree = "<group>";
		};
/* End PBXGroup section */

/* Begin PBXNativeTarget section */
		BF81DA262C6FB60900F4AD59 /* SwiftUIBasicsBootcamp */ = {
			isa = PBXNativeTarget;
			buildConfigurationList = BF81DA352C6FB60A00F4AD59 /* Build configuration list for PBXNativeTarget "SwiftUIBasicsBootcamp" */;
			buildPhases = (
				BF81DA232C6FB60900F4AD59 /* Sources */,
				BF81DA242C6FB60900F4AD59 /* Frameworks */,
				BF81DA252C6FB60900F4AD59 /* Resources */,
			);
			buildRules = (
			);
			dependencies = (
			);
			name = SwiftUIBasicsBootcamp;
			productName = SwiftUIBasicsBootcamp;
			productReference = BF81DA272C6FB60900F4AD59 /* SwiftUIBasicsBootcamp.app */;
			productType = "com.apple.product-type.application";
		};
/* End PBXNativeTarget section */

/* Begin PBXProject section */
		BF81DA1F2C6FB60900F4AD59 /* Project object */ = {
			isa = PBXProject;
			attributes = {
				BuildIndependentTargetsInParallel = 1;
				LastSwiftUpdateCheck = 1540;
				LastUpgradeCheck = 1540;
				TargetAttributes = {
					BF81DA262C6FB60900F4AD59 = {
						CreatedOnToolsVersion = 15.4;
					};
				};
			};
			buildConfigurationList = BF81DA222C6FB60900F4AD59 /* Build configuration list for PBXProject "SwiftUIBasicsBootcamp" */;
			compatibilityVersion = "Xcode 14.0";
			developmentRegion = en;
			hasScannedForEncodings = 0;
			knownRegions = (
				en,
				Base,
			);
			mainGroup = BF81DA1E2C6FB60900F4AD59;
			productRefGroup = BF81DA282C6FB60900F4AD59 /* Products */;
			projectDirPath = "";
			projectRoot = "";
			targets = (
				BF81DA262C6FB60900F4AD59 /* SwiftUIBasicsBootcamp */,
			);
		};
/* End PBXProject section */

/* Begin PBXResourcesBuildPhase section */
		BF81DA252C6FB60900F4AD59 /* Resources */ = {
			isa = PBXResourcesBuildPhase;
			buildActionMask = 2147483647;
			files = (
				BF81DA322C6FB60A00F4AD59 /* Preview Assets.xcassets in Resources */,
				BF81DA2F2C6FB60A00F4AD59 /* Assets.xcassets in Resources */,
			);
			runOnlyForDeploymentPostprocessing = 0;
		};
/* End PBXResourcesBuildPhase section */

/* Begin PBXSourcesBuildPhase section */
		BF81DA232C6FB60900F4AD59 /* Sources */ = {
			isa = PBXSourcesBuildPhase;
			buildActionMask = 2147483647;
			files = (
				BF30765A2C7AAB7C00D87658 /* StateBootcamp.swift in Sources */,
				BF3076582C7A2E8800D87658 /* ButtonBootcamp.swift in Sources */,
				BFA775BA2C76B71200C063AF /* InitBootcamp.swift in Sources */,
				BFA775AA2C755EFA00C063AF /* GradientsBootcamp.swift in Sources */,
				BF65ED842C7543CB00AA70FD /* ColorsBootcamp.swift in Sources */,
				BFA775B02C761C8C00C063AF /* FrameBootcamp.swift in Sources */,
				BF3076602C7CD84300D87658 /* ExtractSubviewsBootcamp.swift in Sources */,
				BF30767A2C848DEF00D87658 /* ContextMenuBootcamp.swift in Sources */,
				BFA775AE2C760BBA00C063AF /* ImagesBootcamp.swift in Sources */,
				BF30765C2C7AB0A600D87658 /* ExtractFunctionsBootcamp.swift in Sources */,
				BF30766A2C7E323A00D87658 /* AnimationCurvesBootcamp.swift in Sources */,
				BFA775BE2C77620500C063AF /* ScrollViewBootcamp.swift in Sources */,
				BF3076662C7E228D00D87658 /* TernaryBootcamp.swift in Sources */,
				BF3076762C821AD500D87658 /* AlertBootcamp.swift in Sources */,
				BFA775B62C76A68F00C063AF /* PaddingBootcamp.swift in Sources */,
				BF81DA3B2C6FBFF100F4AD59 /* ShapesBootcamp.swift in Sources */,
				BF3076562C7A203800D87658 /* SafeAreaBootcamp.swift in Sources */,
				BF81DA2D2C6FB60900F4AD59 /* ContentView.swift in Sources */,
				BFA775BC2C77515E00C063AF /* ForEachBootcamp.swift in Sources */,
				BF30766E2C809F2400D87658 /* SheetBootcamp.swift in Sources */,
				BF81DA392C6FB62400F4AD59 /* TextBootcamp.swift in Sources */,
				BF81DA2B2C6FB60900F4AD59 /* SwiftUIBasicsBootcampApp.swift in Sources */,
				BF30766C2C809AAF00D87658 /* TransitionBootcamp.swift in Sources */,
				BFA775B42C76A42200C063AF /* StacksBootcamp.swift in Sources */,
				BF3076702C80AA6C00D87658 /* PopoverBootcamp.swift in Sources */,
				BF3076782C8381D100D87658 /* ActionSheetBootcamp.swift in Sources */,
				BF3076622C7CDD5300D87658 /* BindingBootcamp.swift in Sources */,
				BFA775B82C76ABFA00C063AF /* SpacerBootcamp.swift in Sources */,
				BF3076682C7E25F700D87658 /* AnimationBootcamp.swift in Sources */,
				BF3076542C7A09F600D87658 /* LazyVGridBootcamp.swift in Sources */,
				BF3076722C81ED7F00D87658 /* NavigationViewBootcamp.swift in Sources */,
				BF3076642C7CE26300D87658 /* ConditionalBootcamp.swift in Sources */,
				BFA775B22C7620C300C063AF /* Background&OverlayBootcamp.swift in Sources */,
				BF3076742C81F59600D87658 /* ListBootcamp.swift in Sources */,
				BFA775AC2C76088100C063AF /* IconsBootcamp.swift in Sources */,
			);
			runOnlyForDeploymentPostprocessing = 0;
		};
/* End PBXSourcesBuildPhase section */

/* Begin XCBuildConfiguration section */
		BF81DA332C6FB60A00F4AD59 /* Debug */ = {
			isa = XCBuildConfiguration;
			buildSettings = {
				ALWAYS_SEARCH_USER_PATHS = NO;
				ASSETCATALOG_COMPILER_GENERATE_SWIFT_ASSET_SYMBOL_EXTENSIONS = YES;
				CLANG_ANALYZER_NONNULL = YES;
				CLANG_ANALYZER_NUMBER_OBJECT_CONVERSION = YES_AGGRESSIVE;
				CLANG_CXX_LANGUAGE_STANDARD = "gnu++20";
				CLANG_ENABLE_MODULES = YES;
				CLANG_ENABLE_OBJC_ARC = YES;
				CLANG_ENABLE_OBJC_WEAK = YES;
				CLANG_WARN_BLOCK_CAPTURE_AUTORELEASING = YES;
				CLANG_WARN_BOOL_CONVERSION = YES;
				CLANG_WARN_COMMA = YES;
				CLANG_WARN_CONSTANT_CONVERSION = YES;
				CLANG_WARN_DEPRECATED_OBJC_IMPLEMENTATIONS = YES;
				CLANG_WARN_DIRECT_OBJC_ISA_USAGE = YES_ERROR;
				CLANG_WARN_DOCUMENTATION_COMMENTS = YES;
				CLANG_WARN_EMPTY_BODY = YES;
				CLANG_WARN_ENUM_CONVERSION = YES;
				CLANG_WARN_INFINITE_RECURSION = YES;
				CLANG_WARN_INT_CONVERSION = YES;
				CLANG_WARN_NON_LITERAL_NULL_CONVERSION = YES;
				CLANG_WARN_OBJC_IMPLICIT_RETAIN_SELF = YES;
				CLANG_WARN_OBJC_LITERAL_CONVERSION = YES;
				CLANG_WARN_OBJC_ROOT_CLASS = YES_ERROR;
				CLANG_WARN_QUOTED_INCLUDE_IN_FRAMEWORK_HEADER = YES;
				CLANG_WARN_RANGE_LOOP_ANALYSIS = YES;
				CLANG_WARN_STRICT_PROTOTYPES = YES;
				CLANG_WARN_SUSPICIOUS_MOVE = YES;
				CLANG_WARN_UNGUARDED_AVAILABILITY = YES_AGGRESSIVE;
				CLANG_WARN_UNREACHABLE_CODE = YES;
				CLANG_WARN__DUPLICATE_METHOD_MATCH = YES;
				COPY_PHASE_STRIP = NO;
				DEBUG_INFORMATION_FORMAT = dwarf;
				ENABLE_STRICT_OBJC_MSGSEND = YES;
				ENABLE_TESTABILITY = YES;
				ENABLE_USER_SCRIPT_SANDBOXING = YES;
				GCC_C_LANGUAGE_STANDARD = gnu17;
				GCC_DYNAMIC_NO_PIC = NO;
				GCC_NO_COMMON_BLOCKS = YES;
				GCC_OPTIMIZATION_LEVEL = 0;
				GCC_PREPROCESSOR_DEFINITIONS = (
					"DEBUG=1",
					"$(inherited)",
				);
				GCC_WARN_64_TO_32_BIT_CONVERSION = YES;
				GCC_WARN_ABOUT_RETURN_TYPE = YES_ERROR;
				GCC_WARN_UNDECLARED_SELECTOR = YES;
				GCC_WARN_UNINITIALIZED_AUTOS = YES_AGGRESSIVE;
				GCC_WARN_UNUSED_FUNCTION = YES;
				GCC_WARN_UNUSED_VARIABLE = YES;
				IPHONEOS_DEPLOYMENT_TARGET = 17.5;
				LOCALIZATION_PREFERS_STRING_CATALOGS = YES;
				MTL_ENABLE_DEBUG_INFO = INCLUDE_SOURCE;
				MTL_FAST_MATH = YES;
				ONLY_ACTIVE_ARCH = YES;
				SDKROOT = iphoneos;
				SWIFT_ACTIVE_COMPILATION_CONDITIONS = "DEBUG $(inherited)";
				SWIFT_OPTIMIZATION_LEVEL = "-Onone";
			};
			name = Debug;
		};
		BF81DA342C6FB60A00F4AD59 /* Release */ = {
			isa = XCBuildConfiguration;
			buildSettings = {
				ALWAYS_SEARCH_USER_PATHS = NO;
				ASSETCATALOG_COMPILER_GENERATE_SWIFT_ASSET_SYMBOL_EXTENSIONS = YES;
				CLANG_ANALYZER_NONNULL = YES;
				CLANG_ANALYZER_NUMBER_OBJECT_CONVERSION = YES_AGGRESSIVE;
				CLANG_CXX_LANGUAGE_STANDARD = "gnu++20";
				CLANG_ENABLE_MODULES = YES;
				CLANG_ENABLE_OBJC_ARC = YES;
				CLANG_ENABLE_OBJC_WEAK = YES;
				CLANG_WARN_BLOCK_CAPTURE_AUTORELEASING = YES;
				CLANG_WARN_BOOL_CONVERSION = YES;
				CLANG_WARN_COMMA = YES;
				CLANG_WARN_CONSTANT_CONVERSION = YES;
				CLANG_WARN_DEPRECATED_OBJC_IMPLEMENTATIONS = YES;
				CLANG_WARN_DIRECT_OBJC_ISA_USAGE = YES_ERROR;
				CLANG_WARN_DOCUMENTATION_COMMENTS = YES;
				CLANG_WARN_EMPTY_BODY = YES;
				CLANG_WARN_ENUM_CONVERSION = YES;
				CLANG_WARN_INFINITE_RECURSION = YES;
				CLANG_WARN_INT_CONVERSION = YES;
				CLANG_WARN_NON_LITERAL_NULL_CONVERSION = YES;
				CLANG_WARN_OBJC_IMPLICIT_RETAIN_SELF = YES;
				CLANG_WARN_OBJC_LITERAL_CONVERSION = YES;
				CLANG_WARN_OBJC_ROOT_CLASS = YES_ERROR;
				CLANG_WARN_QUOTED_INCLUDE_IN_FRAMEWORK_HEADER = YES;
				CLANG_WARN_RANGE_LOOP_ANALYSIS = YES;
				CLANG_WARN_STRICT_PROTOTYPES = YES;
				CLANG_WARN_SUSPICIOUS_MOVE = YES;
				CLANG_WARN_UNGUARDED_AVAILABILITY = YES_AGGRESSIVE;
				CLANG_WARN_UNREACHABLE_CODE = YES;
				CLANG_WARN__DUPLICATE_METHOD_MATCH = YES;
				COPY_PHASE_STRIP = NO;
				DEBUG_INFORMATION_FORMAT = "dwarf-with-dsym";
				ENABLE_NS_ASSERTIONS = NO;
				ENABLE_STRICT_OBJC_MSGSEND = YES;
				ENABLE_USER_SCRIPT_SANDBOXING = YES;
				GCC_C_LANGUAGE_STANDARD = gnu17;
				GCC_NO_COMMON_BLOCKS = YES;
				GCC_WARN_64_TO_32_BIT_CONVERSION = YES;
				GCC_WARN_ABOUT_RETURN_TYPE = YES_ERROR;
				GCC_WARN_UNDECLARED_SELECTOR = YES;
				GCC_WARN_UNINITIALIZED_AUTOS = YES_AGGRESSIVE;
				GCC_WARN_UNUSED_FUNCTION = YES;
				GCC_WARN_UNUSED_VARIABLE = YES;
				IPHONEOS_DEPLOYMENT_TARGET = 17.5;
				LOCALIZATION_PREFERS_STRING_CATALOGS = YES;
				MTL_ENABLE_DEBUG_INFO = NO;
				MTL_FAST_MATH = YES;
				SDKROOT = iphoneos;
				SWIFT_COMPILATION_MODE = wholemodule;
				VALIDATE_PRODUCT = YES;
			};
			name = Release;
		};
		BF81DA362C6FB60A00F4AD59 /* Debug */ = {
			isa = XCBuildConfiguration;
			buildSettings = {
				ASSETCATALOG_COMPILER_APPICON_NAME = AppIcon;
				ASSETCATALOG_COMPILER_GLOBAL_ACCENT_COLOR_NAME = AccentColor;
				CODE_SIGN_STYLE = Automatic;
				CURRENT_PROJECT_VERSION = 1;
				DEVELOPMENT_ASSET_PATHS = "\"SwiftUIBasicsBootcamp/Preview Content\"";
				DEVELOPMENT_TEAM = SM437JQVPZ;
				ENABLE_PREVIEWS = YES;
				GENERATE_INFOPLIST_FILE = YES;
				INFOPLIST_KEY_UIApplicationSceneManifest_Generation = YES;
				INFOPLIST_KEY_UIApplicationSupportsIndirectInputEvents = YES;
				INFOPLIST_KEY_UILaunchScreen_Generation = YES;
				INFOPLIST_KEY_UISupportedInterfaceOrientations_iPad = "UIInterfaceOrientationPortrait UIInterfaceOrientationPortraitUpsideDown UIInterfaceOrientationLandscapeLeft UIInterfaceOrientationLandscapeRight";
				INFOPLIST_KEY_UISupportedInterfaceOrientations_iPhone = "UIInterfaceOrientationPortrait UIInterfaceOrientationLandscapeLeft UIInterfaceOrientationLandscapeRight";
				LD_RUNPATH_SEARCH_PATHS = (
					"$(inherited)",
					"@executable_path/Frameworks",
				);
				MARKETING_VERSION = 1.0;
				PRODUCT_BUNDLE_IDENTIFIER = com.oguzhanabuhanoglu.SwiftUIBasicsBootcamp;
				PRODUCT_NAME = "$(TARGET_NAME)";
				SWIFT_EMIT_LOC_STRINGS = YES;
				SWIFT_VERSION = 5.0;
				TARGETED_DEVICE_FAMILY = "1,2";
			};
			name = Debug;
		};
		BF81DA372C6FB60A00F4AD59 /* Release */ = {
			isa = XCBuildConfiguration;
			buildSettings = {
				ASSETCATALOG_COMPILER_APPICON_NAME = AppIcon;
				ASSETCATALOG_COMPILER_GLOBAL_ACCENT_COLOR_NAME = AccentColor;
				CODE_SIGN_STYLE = Automatic;
				CURRENT_PROJECT_VERSION = 1;
				DEVELOPMENT_ASSET_PATHS = "\"SwiftUIBasicsBootcamp/Preview Content\"";
				DEVELOPMENT_TEAM = SM437JQVPZ;
				ENABLE_PREVIEWS = YES;
				GENERATE_INFOPLIST_FILE = YES;
				INFOPLIST_KEY_UIApplicationSceneManifest_Generation = YES;
				INFOPLIST_KEY_UIApplicationSupportsIndirectInputEvents = YES;
				INFOPLIST_KEY_UILaunchScreen_Generation = YES;
				INFOPLIST_KEY_UISupportedInterfaceOrientations_iPad = "UIInterfaceOrientationPortrait UIInterfaceOrientationPortraitUpsideDown UIInterfaceOrientationLandscapeLeft UIInterfaceOrientationLandscapeRight";
				INFOPLIST_KEY_UISupportedInterfaceOrientations_iPhone = "UIInterfaceOrientationPortrait UIInterfaceOrientationLandscapeLeft UIInterfaceOrientationLandscapeRight";
				LD_RUNPATH_SEARCH_PATHS = (
					"$(inherited)",
					"@executable_path/Frameworks",
				);
				MARKETING_VERSION = 1.0;
				PRODUCT_BUNDLE_IDENTIFIER = com.oguzhanabuhanoglu.SwiftUIBasicsBootcamp;
				PRODUCT_NAME = "$(TARGET_NAME)";
				SWIFT_EMIT_LOC_STRINGS = YES;
				SWIFT_VERSION = 5.0;
				TARGETED_DEVICE_FAMILY = "1,2";
			};
			name = Release;
		};
/* End XCBuildConfiguration section */

/* Begin XCConfigurationList section */
		BF81DA222C6FB60900F4AD59 /* Build configuration list for PBXProject "SwiftUIBasicsBootcamp" */ = {
			isa = XCConfigurationList;
			buildConfigurations = (
				BF81DA332C6FB60A00F4AD59 /* Debug */,
				BF81DA342C6FB60A00F4AD59 /* Release */,
			);
			defaultConfigurationIsVisible = 0;
			defaultConfigurationName = Release;
		};
		BF81DA352C6FB60A00F4AD59 /* Build configuration list for PBXNativeTarget "SwiftUIBasicsBootcamp" */ = {
			isa = XCConfigurationList;
			buildConfigurations = (
				BF81DA362C6FB60A00F4AD59 /* Debug */,
				BF81DA372C6FB60A00F4AD59 /* Release */,
			);
			defaultConfigurationIsVisible = 0;
			defaultConfigurationName = Release;
		};
/* End XCConfigurationList section */
	};
	rootObject = BF81DA1F2C6FB60900F4AD59 /* Project object */;
}
